PODS:
  - Apollo (0.36.0):
    - Apollo/Core (= 0.36.0)
  - Apollo/Core (0.36.0)
  - Apollo/SQLite (0.36.0):
    - Apollo/Core
    - SQLite.swift (~> 0.12.2)
  - CocoaAsyncSocket (7.6.5)
  - CocoaLumberjack (3.7.4):
    - CocoaLumberjack/Core (= 3.7.4)
  - CocoaLumberjack/Core (3.7.4)
  - CocoaLumberjack/Swift (3.7.4):
    - CocoaLumberjack/Core
  - Gifu (3.3.1)
  - iAdvize (2.5.1):
    - Apollo (~> 0.36.0)
    - Apollo/SQLite
    - Gifu (~> 3.3.0)
    - JWTDecode (~> 2.6.3)
    - SwiftGraylog (~> 1.1.1)
    - TwilioVideo (~> 4.6)
    - XMPPFramework/Swift (~> 4.0.0)
  - JWTDecode (2.6.3)
  - KissXML (5.3.1):
    - KissXML/All (= 5.3.1)
  - KissXML/Additions (5.3.1):
    - KissXML/Core
  - KissXML/All (5.3.1):
    - KissXML/Additions
    - KissXML/Core
  - KissXML/Core (5.3.1)
  - libidn (1.35)
  - SQLite.swift (0.12.2):
    - SQLite.swift/standard (= 0.12.2)
  - SQLite.swift/standard (0.12.2)
  - SwiftGraylog (1.1.1)
  - TwilioVideo (4.6.3)
  - XMPPFramework/default (4.0.0):
    - CocoaAsyncSocket (~> 7.6)
    - CocoaLumberjack
    - KissXML (~> 5.2)
    - libidn (~> 1.35)
  - XMPPFramework/Swift (4.0.0):
    - CocoaLumberjack/Swift
    - XMPPFramework/default

DEPENDENCIES:
  - iAdvize (from `https://github.com/iadvize/iadvize-ios-sdk.git`, branch `release/2.5.1`)

SPEC REPOS:
  trunk:
    - Apollo
    - CocoaAsyncSocket
    - CocoaLumberjack
    - Gifu
    - JWTDecode
    - KissXML
    - libidn
    - SQLite.swift
    - SwiftGraylog
    - TwilioVideo
    - XMPPFramework

EXTERNAL SOURCES:
  iAdvize:
    :branch: release/2.5.1
    :git: https://github.com/iadvize/iadvize-ios-sdk.git

CHECKOUT OPTIONS:
  iAdvize:
    :commit: 5b47202910b0b5ecf5e9c3ebd54bad4e655ed8e6
    :git: https://github.com/iadvize/iadvize-ios-sdk.git

SPEC CHECKSUMS:
  Apollo: a8dbf1a55e8860bfbe3e4274919721d102c85413
  CocoaAsyncSocket: 065fd1e645c7abab64f7a6a2007a48038fdc6a99
  CocoaLumberjack: 543c79c114dadc3b1aba95641d8738b06b05b646
  Gifu: 416d4e38c4c2fed012f019e0a1d3ffcb58e5b842
  iAdvize: 343dc3afec06528f68558be95536722135d995f2
  JWTDecode: 33e5e26e5ddbd21b2065820894c08fef0cad9509
  KissXML: 5c8e0f2e8b9f071d3e1ae123dec3eb5da615c10c
  libidn: e4576a956b797c584c77aaedfc6e3dd639b61bdc
  SQLite.swift: d2b4642190917051ce6bd1d49aab565fe794eea3
  SwiftGraylog: 4fffb151492baa199e708548ece16f4cf1c75413
  TwilioVideo: 4afaac028c5886f2f3b313a9fcc146a6b7ca34e2
  XMPPFramework: 5d31ff9f73dce031b24bc49bcf88093627a3a86e

PODFILE CHECKSUM: 0869ef946851126bab09b621cc87503d776f8ed3

COCOAPODS: 1.11.2
