// !$*UTF8*$!
{
	archiveVersion = 1;
	classes = {
	};
	objectVersion = 51;
	objects = {

/* Begin PBXBuildFile section */
		2D10F0E52151881600671C76 /* Main.storyboard in Resources */ = {isa = PBXBuildFile; fileRef = 2D10F0E32151881600671C76 /* Main.storyboard */; };
		2D10F0EA2151881800671C76 /* LaunchScreen.storyboard in Resources */ = {isa = PBXBuildFile; fileRef = 2D10F0E82151881800671C76 /* LaunchScreen.storyboard */; };
		2D624360215256B700F47451 /* Assets.xcassets in Resources */ = {isa = PBXBuildFile; fileRef = 2D62435F215256B700F47451 /* Assets.xcassets */; };
		2D624367215276F300F47451 /* ViewController.swift in Sources */ = {isa = PBXBuildFile; fileRef = 2D624362215276F300F47451 /* ViewController.swift */; };
		2D624368215276F300F47451 /* AppDelegate+PushNotification.swift in Sources */ = {isa = PBXBuildFile; fileRef = 2D624363215276F300F47451 /* AppDelegate+PushNotification.swift */; };
		2D624369215276F300F47451 /* AppDelegate+iAdvize.swift in Sources */ = {isa = PBXBuildFile; fileRef = 2D624364215276F300F47451 /* AppDelegate+iAdvize.swift */; };
		2D62436A215276F300F47451 /* ViewController+Configuration.swift in Sources */ = {isa = PBXBuildFile; fileRef = 2D624365215276F300F47451 /* ViewController+Configuration.swift */; };
		2D62436B215276F300F47451 /* AppDelegate.swift in Sources */ = {isa = PBXBuildFile; fileRef = 2D624366215276F300F47451 /* AppDelegate.swift */; };
		E3DACE931F5243A7856FBBB7 /* libPods-CocoaPodsIntegration.a in Frameworks */ = {isa = PBXBuildFile; fileRef = D3BF6E64AD2820FF11ECA2C0 /* libPods-CocoaPodsIntegration.a */; };
/* End PBXBuildFile section */

/* Begin PBXFileReference section */
		1D0BE98A45EEF83CFE06D1A3 /* Pods-CocoaPodsIntegration.debug.xcconfig */ = {isa = PBXFileReference; includeInIndex = 1; lastKnownFileType = text.xcconfig; name = "Pods-CocoaPodsIntegration.debug.xcconfig"; path = "Target Support Files/Pods-CocoaPodsIntegration/Pods-CocoaPodsIntegration.debug.xcconfig"; sourceTree = "<group>"; };
		2D10F0DC2151881600671C76 /* CocoaPodsIntegration.app */ = {isa = PBXFileReference; explicitFileType = wrapper.application; includeInIndex = 0; path = CocoaPodsIntegration.app; sourceTree = BUILT_PRODUCTS_DIR; };
		2D10F0E42151881600671C76 /* Base */ = {isa = PBXFileReference; lastKnownFileType = file.storyboard; name = Base; path = Base.lproj/Main.storyboard; sourceTree = "<group>"; };
		2D10F0E92151881800671C76 /* Base */ = {isa = PBXFileReference; lastKnownFileType = file.storyboard; name = Base; path = Base.lproj/LaunchScreen.storyboard; sourceTree = "<group>"; };
		2D10F0EB2151881800671C76 /* Info.plist */ = {isa = PBXFileReference; lastKnownFileType = text.plist.xml; path = Info.plist; sourceTree = "<group>"; };
		2D62435C215246F000F47451 /* CocoaPodsIntegration.entitlements */ = {isa = PBXFileReference; lastKnownFileType = text.plist.entitlements; path = CocoaPodsIntegration.entitlements; sourceTree = "<group>"; };
		2D62435F215256B700F47451 /* Assets.xcassets */ = {isa = PBXFileReference; lastKnownFileType = folder.assetcatalog; path = Assets.xcassets; sourceTree = SOURCE_ROOT; };
		2D624362215276F300F47451 /* ViewController.swift */ = {isa = PBXFileReference; fileEncoding = 4; lastKnownFileType = sourcecode.swift; path = ViewController.swift; sourceTree = "<group>"; };
		2D624363215276F300F47451 /* AppDelegate+PushNotification.swift */ = {isa = PBXFileReference; fileEncoding = 4; lastKnownFileType = sourcecode.swift; path = "AppDelegate+PushNotification.swift"; sourceTree = "<group>"; };
		2D624364215276F300F47451 /* AppDelegate+iAdvize.swift */ = {isa = PBXFileReference; fileEncoding = 4; lastKnownFileType = sourcecode.swift; path = "AppDelegate+iAdvize.swift"; sourceTree = "<group>"; };
		2D624365215276F300F47451 /* ViewController+Configuration.swift */ = {isa = PBXFileReference; fileEncoding = 4; lastKnownFileType = sourcecode.swift; path = "ViewController+Configuration.swift"; sourceTree = "<group>"; };
		2D624366215276F300F47451 /* AppDelegate.swift */ = {isa = PBXFileReference; fileEncoding = 4; lastKnownFileType = sourcecode.swift; path = AppDelegate.swift; sourceTree = "<group>"; };
		3BD209196B65B1224B5367EF /* Pods-CocoaPodsIntegration.release.xcconfig */ = {isa = PBXFileReference; includeInIndex = 1; lastKnownFileType = text.xcconfig; name = "Pods-CocoaPodsIntegration.release.xcconfig"; path = "Target Support Files/Pods-CocoaPodsIntegration/Pods-CocoaPodsIntegration.release.xcconfig"; sourceTree = "<group>"; };
		D3BF6E64AD2820FF11ECA2C0 /* libPods-CocoaPodsIntegration.a */ = {isa = PBXFileReference; explicitFileType = archive.ar; includeInIndex = 0; path = "libPods-CocoaPodsIntegration.a"; sourceTree = BUILT_PRODUCTS_DIR; };
/* End PBXFileReference section */

/* Begin PBXFrameworksBuildPhase section */
		2D10F0D92151881600671C76 /* Frameworks */ = {
			isa = PBXFrameworksBuildPhase;
			buildActionMask = 2147483647;
			files = (
				E3DACE931F5243A7856FBBB7 /* libPods-CocoaPodsIntegration.a in Frameworks */,
			);
			runOnlyForDeploymentPostprocessing = 0;
		};
/* End PBXFrameworksBuildPhase section */

/* Begin PBXGroup section */
		2D10F0D32151881600671C76 = {
			isa = PBXGroup;
			children = (
				2D10F0DE2151881600671C76 /* CocoaPodsIntegration */,
				2D10F0DD2151881600671C76 /* Products */,
				E4BFA1F19F9D4A1B7C94635B /* Pods */,
				E725C0FD1C7B6E7AA70A71AC /* Frameworks */,
			);
			sourceTree = "<group>";
		};
		2D10F0DD2151881600671C76 /* Products */ = {
			isa = PBXGroup;
			children = (
				2D10F0DC2151881600671C76 /* CocoaPodsIntegration.app */,
			);
			name = Products;
			sourceTree = "<group>";
		};
		2D10F0DE2151881600671C76 /* CocoaPodsIntegration */ = {
			isa = PBXGroup;
			children = (
				2D62435C215246F000F47451 /* CocoaPodsIntegration.entitlements */,
				2D624361215276F300F47451 /* Source */,
				2D10F0E32151881600671C76 /* Main.storyboard */,
				2D10F0E82151881800671C76 /* LaunchScreen.storyboard */,
				2D62435F215256B700F47451 /* Assets.xcassets */,
				2D10F0EB2151881800671C76 /* Info.plist */,
			);
			path = CocoaPodsIntegration;
			sourceTree = "<group>";
		};
		2D624361215276F300F47451 /* Source */ = {
			isa = PBXGroup;
			children = (
				2D624366215276F300F47451 /* AppDelegate.swift */,
				2D624364215276F300F47451 /* AppDelegate+iAdvize.swift */,
				2D624363215276F300F47451 /* AppDelegate+PushNotification.swift */,
				2D624362215276F300F47451 /* ViewController.swift */,
				2D624365215276F300F47451 /* ViewController+Configuration.swift */,
			);
			path = Source;
			sourceTree = "<group>";
		};
		E4BFA1F19F9D4A1B7C94635B /* Pods */ = {
			isa = PBXGroup;
			children = (
				1D0BE98A45EEF83CFE06D1A3 /* Pods-CocoaPodsIntegration.debug.xcconfig */,
				3BD209196B65B1224B5367EF /* Pods-CocoaPodsIntegration.release.xcconfig */,
			);
			path = Pods;
			sourceTree = "<group>";
		};
		E725C0FD1C7B6E7AA70A71AC /* Frameworks */ = {
			isa = PBXGroup;
			children = (
				D3BF6E64AD2820FF11ECA2C0 /* libPods-CocoaPodsIntegration.a */,
			);
			name = Frameworks;
			sourceTree = "<group>";
		};
/* End PBXGroup section */

/* Begin PBXNativeTarget section */
		2D10F0DB2151881600671C76 /* CocoaPodsIntegration */ = {
			isa = PBXNativeTarget;
			buildConfigurationList = 2D10F0EE2151881800671C76 /* Build configuration list for PBXNativeTarget "CocoaPodsIntegration" */;
			buildPhases = (
				9C5D8A9706A3F5D266EAA355 /* [CP] Check Pods Manifest.lock */,
				2D10F0D82151881600671C76 /* Sources */,
				2D10F0D92151881600671C76 /* Frameworks */,
				2D10F0DA2151881600671C76 /* Resources */,
				69E8236F1D959447D185AA17 /* [CP] Embed Pods Frameworks */,
			);
			buildRules = (
			);
			dependencies = (
			);
			name = CocoaPodsIntegration;
			productName = CocoaPodsIntegration;
			productReference = 2D10F0DC2151881600671C76 /* CocoaPodsIntegration.app */;
			productType = "com.apple.product-type.application";
		};
/* End PBXNativeTarget section */

/* Begin PBXProject section */
		2D10F0D42151881600671C76 /* Project object */ = {
			isa = PBXProject;
			attributes = {
				LastSwiftUpdateCheck = 0940;
				LastUpgradeCheck = 0940;
				ORGANIZATIONNAME = iAdvize;
				TargetAttributes = {
					2D10F0DB2151881600671C76 = {
						CreatedOnToolsVersion = 9.4.1;
						LastSwiftMigration = 1000;
						SystemCapabilities = {
							com.apple.BackgroundModes = {
								enabled = 1;
							};
							com.apple.Push = {
								enabled = 1;
							};
						};
					};
				};
			};
			buildConfigurationList = 2D10F0D72151881600671C76 /* Build configuration list for PBXProject "CocoaPodsIntegration" */;
			compatibilityVersion = "Xcode 9.3";
			developmentRegion = en;
			hasScannedForEncodings = 0;
			knownRegions = (
				en,
				Base,
			);
			mainGroup = 2D10F0D32151881600671C76;
			productRefGroup = 2D10F0DD2151881600671C76 /* Products */;
			projectDirPath = "";
			projectRoot = "";
			targets = (
				2D10F0DB2151881600671C76 /* CocoaPodsIntegration */,
			);
		};
/* End PBXProject section */

/* Begin PBXResourcesBuildPhase section */
		2D10F0DA2151881600671C76 /* Resources */ = {
			isa = PBXResourcesBuildPhase;
			buildActionMask = 2147483647;
			files = (
				2D10F0EA2151881800671C76 /* LaunchScreen.storyboard in Resources */,
				2D624360215256B700F47451 /* Assets.xcassets in Resources */,
				2D10F0E52151881600671C76 /* Main.storyboard in Resources */,
			);
			runOnlyForDeploymentPostprocessing = 0;
		};
/* End PBXResourcesBuildPhase section */

/* Begin PBXShellScriptBuildPhase section */
		69E8236F1D959447D185AA17 /* [CP] Embed Pods Frameworks */ = {
			isa = PBXShellScriptBuildPhase;
			buildActionMask = 2147483647;
			files = (
			);
			inputFileListPaths = (
				"${PODS_ROOT}/Target Support Files/Pods-CocoaPodsIntegration/Pods-CocoaPodsIntegration-frameworks-${CONFIGURATION}-input-files.xcfilelist",
			);
			name = "[CP] Embed Pods Frameworks";
			outputFileListPaths = (
				"${PODS_ROOT}/Target Support Files/Pods-CocoaPodsIntegration/Pods-CocoaPodsIntegration-frameworks-${CONFIGURATION}-output-files.xcfilelist",
			);
			runOnlyForDeploymentPostprocessing = 0;
			shellPath = /bin/sh;
			shellScript = "\"${PODS_ROOT}/Target Support Files/Pods-CocoaPodsIntegration/Pods-CocoaPodsIntegration-frameworks.sh\"\n";
			showEnvVarsInLog = 0;
		};
		9C5D8A9706A3F5D266EAA355 /* [CP] Check Pods Manifest.lock */ = {
			isa = PBXShellScriptBuildPhase;
			buildActionMask = 2147483647;
			files = (
			);
			inputFileListPaths = (
			);
			inputPaths = (
				"${PODS_PODFILE_DIR_PATH}/Podfile.lock",
				"${PODS_ROOT}/Manifest.lock",
			);
			name = "[CP] Check Pods Manifest.lock";
			outputFileListPaths = (
			);
			outputPaths = (
				"$(DERIVED_FILE_DIR)/Pods-CocoaPodsIntegration-checkManifestLockResult.txt",
			);
			runOnlyForDeploymentPostprocessing = 0;
			shellPath = /bin/sh;
			shellScript = "diff \"${PODS_PODFILE_DIR_PATH}/Podfile.lock\" \"${PODS_ROOT}/Manifest.lock\" > /dev/null\nif [ $? != 0 ] ; then\n    # print error to STDERR\n    echo \"error: The sandbox is not in sync with the Podfile.lock. Run 'pod install' or update your CocoaPods installation.\" >&2\n    exit 1\nfi\n# This output is used by Xcode 'outputs' to avoid re-running this script phase.\necho \"SUCCESS\" > \"${SCRIPT_OUTPUT_FILE_0}\"\n";
			showEnvVarsInLog = 0;
		};
/* End PBXShellScriptBuildPhase section */

/* Begin PBXSourcesBuildPhase section */
		2D10F0D82151881600671C76 /* Sources */ = {
			isa = PBXSourcesBuildPhase;
			buildActionMask = 2147483647;
			files = (
				2D624367215276F300F47451 /* ViewController.swift in Sources */,
				2D624368215276F300F47451 /* AppDelegate+PushNotification.swift in Sources */,
				2D624369215276F300F47451 /* AppDelegate+iAdvize.swift in Sources */,
				2D62436B215276F300F47451 /* AppDelegate.swift in Sources */,
				2D62436A215276F300F47451 /* ViewController+Configuration.swift in Sources */,
			);
			runOnlyForDeploymentPostprocessing = 0;
		};
/* End PBXSourcesBuildPhase section */

/* Begin PBXVariantGroup section */
		2D10F0E32151881600671C76 /* Main.storyboard */ = {
			isa = PBXVariantGroup;
			children = (
				2D10F0E42151881600671C76 /* Base */,
			);
			name = Main.storyboard;
			sourceTree = "<group>";
		};
		2D10F0E82151881800671C76 /* LaunchScreen.storyboard */ = {
			isa = PBXVariantGroup;
			children = (
				2D10F0E92151881800671C76 /* Base */,
			);
			name = LaunchScreen.storyboard;
			sourceTree = "<group>";
		};
/* End PBXVariantGroup section */

/* Begin XCBuildConfiguration section */
		2D10F0EC2151881800671C76 /* Debug */ = {
			isa = XCBuildConfiguration;
			buildSettings = {
				ALWAYS_SEARCH_USER_PATHS = NO;
				CLANG_ANALYZER_NONNULL = YES;
				CLANG_ANALYZER_NUMBER_OBJECT_CONVERSION = YES_AGGRESSIVE;
				CLANG_CXX_LANGUAGE_STANDARD = "gnu++14";
				CLANG_CXX_LIBRARY = "libc++";
				CLANG_ENABLE_MODULES = YES;
				CLANG_ENABLE_OBJC_ARC = YES;
				CLANG_ENABLE_OBJC_WEAK = YES;
				CLANG_WARN_BLOCK_CAPTURE_AUTORELEASING = YES;
				CLANG_WARN_BOOL_CONVERSION = YES;
				CLANG_WARN_COMMA = YES;
				CLANG_WARN_CONSTANT_CONVERSION = YES;
				CLANG_WARN_DEPRECATED_OBJC_IMPLEMENTATIONS = YES;
				CLANG_WARN_DIRECT_OBJC_ISA_USAGE = YES_ERROR;
				CLANG_WARN_DOCUMENTATION_COMMENTS = YES;
				CLANG_WARN_EMPTY_BODY = YES;
				CLANG_WARN_ENUM_CONVERSION = YES;
				CLANG_WARN_INFINITE_RECURSION = YES;
				CLANG_WARN_INT_CONVERSION = YES;
				CLANG_WARN_NON_LITERAL_NULL_CONVERSION = YES;
				CLANG_WARN_OBJC_IMPLICIT_RETAIN_SELF = YES;
				CLANG_WARN_OBJC_LITERAL_CONVERSION = YES;
				CLANG_WARN_OBJC_ROOT_CLASS = YES_ERROR;
				CLANG_WARN_RANGE_LOOP_ANALYSIS = YES;
				CLANG_WARN_STRICT_PROTOTYPES = YES;
				CLANG_WARN_SUSPICIOUS_MOVE = YES;
				CLANG_WARN_UNGUARDED_AVAILABILITY = YES_AGGRESSIVE;
				CLANG_WARN_UNREACHABLE_CODE = YES;
				CLANG_WARN__DUPLICATE_METHOD_MATCH = YES;
				CODE_SIGN_IDENTITY = "iPhone Developer";
				COPY_PHASE_STRIP = NO;
				DEBUG_INFORMATION_FORMAT = dwarf;
				ENABLE_STRICT_OBJC_MSGSEND = YES;
				ENABLE_TESTABILITY = YES;
				GCC_C_LANGUAGE_STANDARD = gnu11;
				GCC_DYNAMIC_NO_PIC = NO;
				GCC_NO_COMMON_BLOCKS = YES;
				GCC_OPTIMIZATION_LEVEL = 0;
				GCC_PREPROCESSOR_DEFINITIONS = (
					"DEBUG=1",
					"$(inherited)",
				);
				GCC_WARN_64_TO_32_BIT_CONVERSION = YES;
				GCC_WARN_ABOUT_RETURN_TYPE = YES_ERROR;
				GCC_WARN_UNDECLARED_SELECTOR = YES;
				GCC_WARN_UNINITIALIZED_AUTOS = YES_AGGRESSIVE;
				GCC_WARN_UNUSED_FUNCTION = YES;
				GCC_WARN_UNUSED_VARIABLE = YES;
				IPHONEOS_DEPLOYMENT_TARGET = 12.0;
				MTL_ENABLE_DEBUG_INFO = YES;
				ONLY_ACTIVE_ARCH = YES;
				SDKROOT = iphoneos;
				SWIFT_ACTIVE_COMPILATION_CONDITIONS = DEBUG;
				SWIFT_OPTIMIZATION_LEVEL = "-Onone";
				SWIFT_VERSION = 5.0;
			};
			name = Debug;
		};
		2D10F0ED2151881800671C76 /* Release */ = {
			isa = XCBuildConfiguration;
			buildSettings = {
				ALWAYS_SEARCH_USER_PATHS = NO;
				CLANG_ANALYZER_NONNULL = YES;
				CLANG_ANALYZER_NUMBER_OBJECT_CONVERSION = YES_AGGRESSIVE;
				CLANG_CXX_LANGUAGE_STANDARD = "gnu++14";
				CLANG_CXX_LIBRARY = "libc++";
				CLANG_ENABLE_MODULES = YES;
				CLANG_ENABLE_OBJC_ARC = YES;
				CLANG_ENABLE_OBJC_WEAK = YES;
				CLANG_WARN_BLOCK_CAPTURE_AUTORELEASING = YES;
				CLANG_WARN_BOOL_CONVERSION = YES;
				CLANG_WARN_COMMA = YES;
				CLANG_WARN_CONSTANT_CONVERSION = YES;
				CLANG_WARN_DEPRECATED_OBJC_IMPLEMENTATIONS = YES;
				CLANG_WARN_DIRECT_OBJC_ISA_USAGE = YES_ERROR;
				CLANG_WARN_DOCUMENTATION_COMMENTS = YES;
				CLANG_WARN_EMPTY_BODY = YES;
				CLANG_WARN_ENUM_CONVERSION = YES;
				CLANG_WARN_INFINITE_RECURSION = YES;
				CLANG_WARN_INT_CONVERSION = YES;
				CLANG_WARN_NON_LITERAL_NULL_CONVERSION = YES;
				CLANG_WARN_OBJC_IMPLICIT_RETAIN_SELF = YES;
				CLANG_WARN_OBJC_LITERAL_CONVERSION = YES;
				CLANG_WARN_OBJC_ROOT_CLASS = YES_ERROR;
				CLANG_WARN_RANGE_LOOP_ANALYSIS = YES;
				CLANG_WARN_STRICT_PROTOTYPES = YES;
				CLANG_WARN_SUSPICIOUS_MOVE = YES;
				CLANG_WARN_UNGUARDED_AVAILABILITY = YES_AGGRESSIVE;
				CLANG_WARN_UNREACHABLE_CODE = YES;
				CLANG_WARN__DUPLICATE_METHOD_MATCH = YES;
				CODE_SIGN_IDENTITY = "iPhone Developer";
				COPY_PHASE_STRIP = NO;
				DEBUG_INFORMATION_FORMAT = "dwarf-with-dsym";
				ENABLE_NS_ASSERTIONS = NO;
				ENABLE_STRICT_OBJC_MSGSEND = YES;
				GCC_C_LANGUAGE_STANDARD = gnu11;
				GCC_NO_COMMON_BLOCKS = YES;
				GCC_WARN_64_TO_32_BIT_CONVERSION = YES;
				GCC_WARN_ABOUT_RETURN_TYPE = YES_ERROR;
				GCC_WARN_UNDECLARED_SELECTOR = YES;
				GCC_WARN_UNINITIALIZED_AUTOS = YES_AGGRESSIVE;
				GCC_WARN_UNUSED_FUNCTION = YES;
				GCC_WARN_UNUSED_VARIABLE = YES;
				IPHONEOS_DEPLOYMENT_TARGET = 12.0;
				MTL_ENABLE_DEBUG_INFO = NO;
				SDKROOT = iphoneos;
				SWIFT_COMPILATION_MODE = wholemodule;
				SWIFT_OPTIMIZATION_LEVEL = "-O";
				SWIFT_VERSION = 5.0;
				VALIDATE_PRODUCT = YES;
			};
			name = Release;
		};
		2D10F0EF2151881800671C76 /* Debug */ = {
			isa = XCBuildConfiguration;
			baseConfigurationReference = 1D0BE98A45EEF83CFE06D1A3 /* Pods-CocoaPodsIntegration.debug.xcconfig */;
			buildSettings = {
				ASSETCATALOG_COMPILER_APPICON_NAME = AppIcon;
				CODE_SIGN_ENTITLEMENTS = CocoaPodsIntegration/CocoaPodsIntegration.entitlements;
				CODE_SIGN_STYLE = Automatic;
				DEVELOPMENT_TEAM = 5PPY38J7P4;
				INFOPLIST_FILE = CocoaPodsIntegration/Info.plist;
				LD_RUNPATH_SEARCH_PATHS = (
					"$(inherited)",
					"@executable_path/Frameworks",
				);
				PRODUCT_BUNDLE_IDENTIFIER = com.iadvize.CocoaPodsIntegration;
				PRODUCT_NAME = "$(TARGET_NAME)";
				TARGETED_DEVICE_FAMILY = "1,2";
			};
			name = Debug;
		};
		2D10F0F02151881800671C76 /* Release */ = {
			isa = XCBuildConfiguration;
			baseConfigurationReference = 3BD209196B65B1224B5367EF /* Pods-CocoaPodsIntegration.release.xcconfig */;
			buildSettings = {
				ASSETCATALOG_COMPILER_APPICON_NAME = AppIcon;
				CODE_SIGN_ENTITLEMENTS = CocoaPodsIntegration/CocoaPodsIntegration.entitlements;
				CODE_SIGN_STYLE = Automatic;
				DEVELOPMENT_TEAM = 5PPY38J7P4;
				INFOPLIST_FILE = CocoaPodsIntegration/Info.plist;
				LD_RUNPATH_SEARCH_PATHS = (
					"$(inherited)",
					"@executable_path/Frameworks",
				);
				PRODUCT_BUNDLE_IDENTIFIER = com.iadvize.CocoaPodsIntegration;
				PRODUCT_NAME = "$(TARGET_NAME)";
				TARGETED_DEVICE_FAMILY = "1,2";
			};
			name = Release;
		};
/* End XCBuildConfiguration section */

/* Begin XCConfigurationList section */
		2D10F0D72151881600671C76 /* Build configuration list for PBXProject "CocoaPodsIntegration" */ = {
			isa = XCConfigurationList;
			buildConfigurations = (
				2D10F0EC2151881800671C76 /* Debug */,
				2D10F0ED2151881800671C76 /* Release */,
			);
			defaultConfigurationIsVisible = 0;
			defaultConfigurationName = Release;
		};
		2D10F0EE2151881800671C76 /* Build configuration list for PBXNativeTarget "CocoaPodsIntegration" */ = {
			isa = XCConfigurationList;
			buildConfigurations = (
				2D10F0EF2151881800671C76 /* Debug */,
				2D10F0F02151881800671C76 /* Release */,
			);
			defaultConfigurationIsVisible = 0;
			defaultConfigurationName = Release;
		};
/* End XCConfigurationList section */
	};
	rootObject = 2D10F0D42151881600671C76 /* Project object */;
}
