PODS:
  - iAdvize (2.14.0):
    - TwilioVideo (~> 4.6)
  - TwilioVideo (4.6.3)

DEPENDENCIES:
  - iAdvize (~> 2.14.0)

SPEC REPOS:
  trunk:
    - iAdvize
    - TwilioVideo

SPEC CHECKSUMS:
  iAdvize: 5d733e5c1e27600da818fdfb95f09713caa3c098
  TwilioVideo: 4afaac028c5886f2f3b313a9fcc146a6b7ca34e2

PODFILE CHECKSUM: 6936865f5afd534e78b1216d721c09c1626962f7

COCOAPODS: 1.13.0
