{
  "pins" : [
    {
      "identity" : "iadvize-ios-sdk",
      "kind" : "remoteSourceControl",
      "location" : "https://github.com/iadvize/iadvize-ios-sdk/",
      "state" : {
        "revision" : "d4995ec74d6a25fc8d90c86c2d09e3eb896cd602",
        "version" : "2.15.0"
      }
    }
  ],
  "version" : 2
}
