{
  "pins" : [
    {
      "identity" : "iadvize-ios-sdk",
      "kind" : "remoteSourceControl",
      "location" : "https://github.com/iadvize/iadvize-ios-sdk/",
      "state" : {
        "revision" : "9e6aee4a65b6b10461a6c289b71a82a735f40964",
        "version" : "2.14.3"
      }
    }
  ],
  "version" : 2
}
