{
  "pins" : [
    {
      "identity" : "iadvize-ios-sdk",
      "kind" : "remoteSourceControl",
      "location" : "https://github.com/iadvize/iadvize-ios-sdk/",
      "state" : {
        "revision" : "72758e0ef1394ef4838ed38e34dbc4a79576b8f2",
        "version" : "2.12.1"
      }
    }
  ],
  "version" : 2
}
